lockVersion: 2.0.0
id: ea4c86f3-5502-49cd-9771-8cfc9d9d8ed2
management:
  docChecksum: 2ce558252cc48bc50ccfd24efecd3cf4
  docVersion: 1.0.0
  speakeasyVersion: 1.215.1
  generationVersion: 2.286.4
  releaseVersion: 0.11.0
  configChecksum: 23c52e5c3871ce1b7b4d28f14a1d8dd7
  repoURL: https://github.com/speakeasy-sdks/terraform-provider-ns-demo.git
  repoSubDirectory: .
  published: true
features:
  terraform:
    core: 3.11.1
    globalSecurity: 2.81.6
    globalServerURLs: 2.82.1
generatedFiles:
  - internal/sdk/platform.go
  - internal/sdk/models/errors/sdkerror.go
  - internal/sdk/types/bigint.go
  - internal/sdk/types/date.go
  - internal/sdk/types/datetime.go
  - internal/sdk/types/decimal.go
  - internal/sdk/types/pointers.go
  - internal/sdk/internal/utils/contenttype.go
  - internal/sdk/internal/utils/form.go
  - internal/sdk/internal/utils/headers.go
  - internal/sdk/internal/utils/json.go
  - internal/sdk/internal/utils/pathparams.go
  - internal/sdk/internal/utils/queryparams.go
  - internal/sdk/internal/utils/requestbody.go
  - internal/sdk/internal/utils/retries.go
  - internal/sdk/internal/utils/security.go
  - internal/sdk/internal/utils/utils.go
  - internal/sdk/models/operations/deletenparulesid.go
  - internal/sdk/models/operations/getnparules.go
  - internal/sdk/models/operations/getnparulesid.go
  - internal/sdk/models/operations/patchnparulesid.go
  - internal/sdk/models/operations/postnparules.go
  - internal/sdk/models/shared/npapolicyresponseitem.go
  - internal/sdk/models/shared/npapolicyruledata.go
  - internal/sdk/models/shared/npapolicyruledlp.go
  - internal/sdk/models/shared/npapolicyresponse400.go
  - internal/sdk/models/shared/npapolicyrequest.go
  - internal/sdk/models/shared/security.go
  - internal/sdk/.gitignore
  - internal/sdk/.gitattributes
  - internal/sdk/internal/hooks/registration.go
  - internal/sdk/internal/hooks/hooks.go
  - examples/README.md
  - go.mod
  - go.sum
  - internal/planmodifiers/boolplanmodifier/suppress_diff.go
  - internal/planmodifiers/float64planmodifier/suppress_diff.go
  - internal/planmodifiers/int64planmodifier/suppress_diff.go
  - internal/planmodifiers/listplanmodifier/suppress_diff.go
  - internal/planmodifiers/mapplanmodifier/suppress_diff.go
  - internal/planmodifiers/numberplanmodifier/suppress_diff.go
  - internal/planmodifiers/objectplanmodifier/suppress_diff.go
  - internal/planmodifiers/setplanmodifier/suppress_diff.go
  - internal/planmodifiers/stringplanmodifier/suppress_diff.go
  - internal/planmodifiers/utils/state_check.go
  - internal/provider/reflect/diags.go
  - internal/provider/reflect/doc.go
  - internal/provider/reflect/generic_attr_value.go
  - internal/provider/reflect/helpers.go
  - internal/provider/reflect/interfaces.go
  - internal/provider/reflect/into.go
  - internal/provider/reflect/map.go
  - internal/provider/reflect/number.go
  - internal/provider/reflect/options.go
  - internal/provider/reflect/outof.go
  - internal/provider/reflect/pointer.go
  - internal/provider/reflect/primitive.go
  - internal/provider/reflect/slice.go
  - internal/provider/reflect/struct.go
  - internal/provider/utils.go
  - internal/validators/DateValidator.go
  - internal/validators/ExactlyOneChild.go
  - internal/validators/JSONParseValidator.go
  - internal/validators/RFC3339Validator.go
  - internal/validators/boolvalidators/not_null.go
  - internal/validators/float64validators/not_null.go
  - internal/validators/int64validators/not_null.go
  - internal/validators/listvalidators/not_null.go
  - internal/validators/mapvalidators/not_null.go
  - internal/validators/numbervalidators/not_null.go
  - internal/validators/objectvalidators/not_null.go
  - internal/validators/setvalidators/not_null.go
  - internal/validators/stringvalidators/not_null.go
  - main.go
  - terraform-registry-manifest.json
  - tools/tools.go
  - USAGE.md
  - internal/provider/provider.go
  - examples/provider/provider.tf
  - .gitattributes
